
Microsoft Visual Studio Solution File, Format Version 12.00
# Visual Studio Version 17
VisualStudioVersion = 17.0.31903.59
MinimumVisualStudioVersion = 8.0
Project("{2150E333-8FDC-42A3-9474-1A3956D46DE8}") = "src", "src", "{827E0CD3-B72D-47B6-A68D-7590B98EB39B}"
EndProject
Project("{FAE04EC0-301F-11D3-BF4B-00C04F79EFBC}") = "LinuxGPIB.Net", "src\LinuxGPIB.Net\LinuxGPIB.Net.csproj", "{FCC89B3E-E567-4F2A-94E1-0711D8891E80}"
EndProject
Project("{FAE04EC0-301F-11D3-BF4B-00C04F79EFBC}") = "LinuxGPIB.Demo", "src\LinuxGPIB.Demo\LinuxGPIB.Demo.csproj", "{5E85F59B-F10E-4189-BB9B-BA5FBC43AD65}"
EndProject
Project("{FAE04EC0-301F-11D3-BF4B-00C04F79EFBC}") = "LinuxGPIB.Tests", "src\LinuxGPIB.Tests\LinuxGPIB.Tests.csproj", "{5E768A63-A7B7-4B1D-B479-D1C2AF2F93EE}"
EndProject
Global
	GlobalSection(SolutionConfigurationPlatforms) = preSolution
		Debug|Any CPU = Debug|Any CPU
		Debug|x64 = Debug|x64
		Debug|x86 = Debug|x86
		Release|Any CPU = Release|Any CPU
		Release|x64 = Release|x64
		Release|x86 = Release|x86
	EndGlobalSection
	GlobalSection(ProjectConfigurationPlatforms) = postSolution
		{FCC89B3E-E567-4F2A-94E1-0711D8891E80}.Debug|Any CPU.ActiveCfg = Debug|Any CPU
		{FCC89B3E-E567-4F2A-94E1-0711D8891E80}.Debug|Any CPU.Build.0 = Debug|Any CPU
		{FCC89B3E-E567-4F2A-94E1-0711D8891E80}.Debug|x64.ActiveCfg = Debug|Any CPU
		{FCC89B3E-E567-4F2A-94E1-0711D8891E80}.Debug|x64.Build.0 = Debug|Any CPU
		{FCC89B3E-E567-4F2A-94E1-0711D8891E80}.Debug|x86.ActiveCfg = Debug|Any CPU
		{FCC89B3E-E567-4F2A-94E1-0711D8891E80}.Debug|x86.Build.0 = Debug|Any CPU
		{FCC89B3E-E567-4F2A-94E1-0711D8891E80}.Release|Any CPU.ActiveCfg = Release|Any CPU
		{FCC89B3E-E567-4F2A-94E1-0711D8891E80}.Release|Any CPU.Build.0 = Release|Any CPU
		{FCC89B3E-E567-4F2A-94E1-0711D8891E80}.Release|x64.ActiveCfg = Release|Any CPU
		{FCC89B3E-E567-4F2A-94E1-0711D8891E80}.Release|x64.Build.0 = Release|Any CPU
		{FCC89B3E-E567-4F2A-94E1-0711D8891E80}.Release|x86.ActiveCfg = Release|Any CPU
		{FCC89B3E-E567-4F2A-94E1-0711D8891E80}.Release|x86.Build.0 = Release|Any CPU
		{5E85F59B-F10E-4189-BB9B-BA5FBC43AD65}.Debug|Any CPU.ActiveCfg = Debug|Any CPU
		{5E85F59B-F10E-4189-BB9B-BA5FBC43AD65}.Debug|Any CPU.Build.0 = Debug|Any CPU
		{5E85F59B-F10E-4189-BB9B-BA5FBC43AD65}.Debug|x64.ActiveCfg = Debug|Any CPU
		{5E85F59B-F10E-4189-BB9B-BA5FBC43AD65}.Debug|x64.Build.0 = Debug|Any CPU
		{5E85F59B-F10E-4189-BB9B-BA5FBC43AD65}.Debug|x86.ActiveCfg = Debug|Any CPU
		{5E85F59B-F10E-4189-BB9B-BA5FBC43AD65}.Debug|x86.Build.0 = Debug|Any CPU
		{5E85F59B-F10E-4189-BB9B-BA5FBC43AD65}.Release|Any CPU.ActiveCfg = Release|Any CPU
		{5E85F59B-F10E-4189-BB9B-BA5FBC43AD65}.Release|Any CPU.Build.0 = Release|Any CPU
		{5E85F59B-F10E-4189-BB9B-BA5FBC43AD65}.Release|x64.ActiveCfg = Release|Any CPU
		{5E85F59B-F10E-4189-BB9B-BA5FBC43AD65}.Release|x64.Build.0 = Release|Any CPU
		{5E85F59B-F10E-4189-BB9B-BA5FBC43AD65}.Release|x86.ActiveCfg = Release|Any CPU
		{5E85F59B-F10E-4189-BB9B-BA5FBC43AD65}.Release|x86.Build.0 = Release|Any CPU
		{5E768A63-A7B7-4B1D-B479-D1C2AF2F93EE}.Debug|Any CPU.ActiveCfg = Debug|Any CPU
		{5E768A63-A7B7-4B1D-B479-D1C2AF2F93EE}.Debug|Any CPU.Build.0 = Debug|Any CPU
		{5E768A63-A7B7-4B1D-B479-D1C2AF2F93EE}.Debug|x64.ActiveCfg = Debug|Any CPU
		{5E768A63-A7B7-4B1D-B479-D1C2AF2F93EE}.Debug|x64.Build.0 = Debug|Any CPU
		{5E768A63-A7B7-4B1D-B479-D1C2AF2F93EE}.Debug|x86.ActiveCfg = Debug|Any CPU
		{5E768A63-A7B7-4B1D-B479-D1C2AF2F93EE}.Debug|x86.Build.0 = Debug|Any CPU
		{5E768A63-A7B7-4B1D-B479-D1C2AF2F93EE}.Release|Any CPU.ActiveCfg = Release|Any CPU
		{5E768A63-A7B7-4B1D-B479-D1C2AF2F93EE}.Release|Any CPU.Build.0 = Release|Any CPU
		{5E768A63-A7B7-4B1D-B479-D1C2AF2F93EE}.Release|x64.ActiveCfg = Release|Any CPU
		{5E768A63-A7B7-4B1D-B479-D1C2AF2F93EE}.Release|x64.Build.0 = Release|Any CPU
		{5E768A63-A7B7-4B1D-B479-D1C2AF2F93EE}.Release|x86.ActiveCfg = Release|Any CPU
		{5E768A63-A7B7-4B1D-B479-D1C2AF2F93EE}.Release|x86.Build.0 = Release|Any CPU
	EndGlobalSection
	GlobalSection(SolutionProperties) = preSolution
		HideSolutionNode = FALSE
	EndGlobalSection
	GlobalSection(NestedProjects) = preSolution
		{FCC89B3E-E567-4F2A-94E1-0711D8891E80} = {827E0CD3-B72D-47B6-A68D-7590B98EB39B}
		{5E85F59B-F10E-4189-BB9B-BA5FBC43AD65} = {827E0CD3-B72D-47B6-A68D-7590B98EB39B}
		{5E768A63-A7B7-4B1D-B479-D1C2AF2F93EE} = {827E0CD3-B72D-47B6-A68D-7590B98EB39B}
	EndGlobalSection
EndGlobal
